{
  "name": "slp-rec",
  "version": "1.0.0",
  "lockfileVersion": 1,
  "requires": true,
  "dependencies": {
    "@logdna/tail-file": {
      "version": "4.0.2",
      "resolved": "https://registry.yarnpkg.com/@logdna/tail-file/-/tail-file-4.0.2.tgz",
      "integrity": "sha1-SZsbz/DnWzKX5SbW45JgWv6OdX4= sha512-aEZF3LanJoewsQ9J1CRk5wvOqvQvw4lhxitSMXz3sQPgfezamzwW+pGvKXxvht7EvJEYSlYPxfSjL6T2bDSEkg==",
      "dev": true
    },
    "@sec-ant/readable-stream": {
      "version": "0.4.1",
      "resolved": "https://registry.yarnpkg.com/@sec-ant/readable-stream/-/readable-stream-0.4.1.tgz",
      "integrity": "sha1-YN6JG7Emq/3FQQ/cYWasoGXxCgw= sha512-831qok9r2t8AlxLko40y2ebgSDhenenCatLVeW/uBtnHPyhHOvG0C7TvfgecV+wHzIm5KUICgzmVpWS+IMEAeg==",
      "dev": true
    },
    "@shelacek/ubjson": {
      "version": "1.1.1",
      "resolved": "https://registry.yarnpkg.com/@shelacek/ubjson/-/ubjson-1.1.1.tgz",
      "integrity": "sha1-lJ2eb7XPKtpBl95vhDD6eJTWHtQ= sha512-2Vi46ct3IWzh8eAz9IZ0NulIRtJbGgJDppatJvufB0fHwasRSfklBoQrVrCutF24fSuRvTvZVebjtcIHOxvzWw==",
      "dev": true
    },
    "@sindresorhus/merge-streams": {
      "version": "4.0.0",
      "resolved": "https://registry.yarnpkg.com/@sindresorhus/merge-streams/-/merge-streams-4.0.0.tgz",
      "integrity": "sha1-q7Edma620n8bVjw4FHpy1QBY4zk= sha512-tlqY9xq5ukxTUZBmoOp+m61cqwQD5pHJtFY3Mn8CA8ps6yghLH/Hw8UPdqg4OLmFW3IFlcXnQNmo/dh8HzXYIQ==",
      "dev": true
    },
    "@slippi/slippi-js": {
      "version": "9.0.0",
      "resolved": "https://registry.yarnpkg.com/@slippi/slippi-js/-/slippi-js-9.0.0.tgz",
      "integrity": "sha1-cIV6Ou4CnPlxIvy3wrlfblQNzF0= sha512-AvOTSPUJcGqusj1fCxcMvpvefnZS+u7Ttf17MuTx6yMFdUWp3qmkS/04HjHXiRzJRJWZttLvzKI2HIVYFsuXxw==",
      "requires": {
        "@shelacek/ubjson": "^1.0.1",
        "date-fns": "^3.3.0",
        "iconv-cp932": "^1.2.2",
        "lodash": "^4.17.21",
        "semver": "^7.3.2",
        "tslib": "^2.8.1"
      },
      "dev": true
    },
    "ansi-styles": {
      "version": "4.3.0",
      "resolved": "https://registry.yarnpkg.com/ansi-styles/-/ansi-styles-4.3.0.tgz",
      "integrity": "sha1-7dgDYornHATIWuegkG7a00tkiTc= sha512-zbB9rCJAT1rbjiVDb2hqKFHNYLxgtk8NURxZ3IZwD3F6NtxbXZQCnnSi1Lkx+IDohdPlFp222wVALIheZJQSEg==",
      "requires": {
        "color-convert": "^2.0.1"
      },
      "dev": true
    },
    "array-back": {
      "version": "6.2.3",
      "resolved": "https://registry.yarnpkg.com/array-back/-/array-back-6.2.3.tgz",
      "integrity": "sha1-1B5nWYgF5hTyOzGbnllg37zXKuI= sha512-SGDvmg6QTYiTxCBkYVmThcoa67uLl35pyzRHdpCGBOcqFy6BtwnphoFPk7LhJshD+Yk1Kt35WGWeZPTgwR4Fhw==",
      "dev": true
    },
    "backoff": {
      "version": "2.5.0",
      "resolved": "https://registry.yarnpkg.com/backoff/-/backoff-2.5.0.tgz",
      "integrity": "sha1-9hbtqdPktmuMp/ynn2lXIsX44m8= sha512-wC5ihrnUXmR2douXmXLCe5O3zg3GKIyvRi/hi58a/XyRxVI+3/yM0PYueQOZXPXQ9pxBislYkw+sF9b7C/RuMA==",
      "requires": {
        "precond": "0.2"
      },
      "dev": true
    },
    "chalk": {
      "version": "4.1.2",
      "resolved": "https://registry.yarnpkg.com/chalk/-/chalk-4.1.2.tgz",
      "integrity": "sha1-qsTit3NKdAhnrrFr8CqtVWoeegE= sha512-oKnbhFyRIXpUuez8iBMmyEa4nbj4IOQyuhc/wy9kY7/WVPcwIO9VA668Pu8RkO7+0G76SLROeyw9CpQ061i4mA==",
      "requires": {
        "ansi-styles": "^4.1.0",
        "supports-color": "^7.1.0"
      },
      "dev": true
    },
    "chalk-template": {
      "version": "0.4.0",
      "resolved": "https://registry.yarnpkg.com/chalk-template/-/chalk-template-0.4.0.tgz",
      "integrity": "sha1-aSwDTQ7WJDa5BiwXB/rc0PdTIEs= sha512-/ghrgmhfY8RaSdeo43hNXxpoHAtxdbskUHjPpfqUWGttFgycUhYPGx3YZBCnUCvOa7Doivn1IZec3DEGFoMgLg==",
      "requires": {
        "chalk": "^4.1.2"
      },
      "dev": true
    },
    "color-convert": {
      "version": "2.0.1",
      "resolved": "https://registry.yarnpkg.com/color-convert/-/color-convert-2.0.1.tgz",
      "integrity": "sha1-ctOmjVmMm9s68q0ehPIdiWq9TeM= sha512-RRECPsj7iu/xb5oKYcsFHSppFNnsj/52OVTRKb4zP5onXwVF3zVmmToNcOfGC+CRDpfK/U584fMg38ZHCaElKQ==",
      "requires": {
        "color-name": "~1.1.4"
      },
      "dev": true
    },
    "color-name": {
      "version": "1.1.4",
      "resolved": "https://registry.yarnpkg.com/color-name/-/color-name-1.1.4.tgz",
      "integrity": "sha1-wqCah6y95pVD3m9j+jmVyCbFNqI= sha512-dOy+3AuW3a2wNbZHIuMZpTcgjGuLU/uBL/ubcZF9OXbDo8ff4O8yVp5Bf0efS8uEoYo5q4Fx7dY9OgQGXgAsQA==",
      "dev": true
    },
    "command-line-args": {
      "version": "6.0.2",
      "resolved": "https://registry.yarnpkg.com/command-line-args/-/command-line-args-6.0.2.tgz",
      "integrity": "sha1-pbiofT8SqhcHwSLF7Ti8ZFNVFKA= sha512-AIjYVxrV9X752LmPDLbVYv8aMCuHPSLZJXEo2qo/xJfv+NYhaZ4sMSF01rM+gHPaMgvPM0l5D/F+Qx+i2WfSmQ==",
      "requires": {
        "array-back": "^6.2.3",
        "find-replace": "^5.0.2",
        "lodash.camelcase": "^4.3.0",
        "typical": "^7.3.0"
      },
      "dev": true
    },
    "command-line-usage": {
      "version": "7.0.4",
      "resolved": "https://registry.yarnpkg.com/command-line-usage/-/command-line-usage-7.0.4.tgz",
      "integrity": "sha1-dZRJusOcVBDiNRPx94VRtmnfFRQ= sha512-85UdvzTNx/+s5CkSgBm/0hzP80RFHAa7PsfeADE5ezZF3uHz3/Tqj9gIKGT9PTtpycc3Ua64T0oVulGfKxzfqg==",
      "requires": {
        "array-back": "^6.2.2",
        "chalk-template": "^0.4.0",
        "table-layout": "^4.1.1",
        "typical": "^7.3.0"
      },
      "dev": true
    },
    "cross-spawn": {
      "version": "7.0.6",
      "resolved": "https://registry.yarnpkg.com/cross-spawn/-/cross-spawn-7.0.6.tgz",
      "integrity": "sha1-ilj+ePANzXDDcEUXWd+/rwPo7p8= sha512-uV2QOWP2nWzsy2aMp8aRibhi9dlzF5Hgh5SHaB9OiTGEyDTiJJyx0uy51QXdyWbtAHNua4XJzUKca3OzKUd3vA==",
      "requires": {
        "path-key": "^3.1.0",
        "shebang-command": "^2.0.0",
        "which": "^2.0.1"
      },
      "dev": true
    },
    "date-fns": {
      "version": "3.6.0",
      "resolved": "https://registry.yarnpkg.com/date-fns/-/date-fns-3.6.0.tgz",
      "integrity": "sha1-8gyk/pT4t1SVGyQkBnboYYwCBr8= sha512-fRHTG8g/Gif+kSh50gaGEdToemgfj74aRX3swtiouboip5JDLAyDE9F11nHMIcvOaXeOC6D7SpNhi7uFyB7Uww==",
      "dev": true
    },
    "enet": {
      "version": "0.2.9",
      "resolved": "https://registry.yarnpkg.com/enet/-/enet-0.2.9.tgz",
      "integrity": "sha1-1/1ooL+Ls4kUCOpGXibtaVWCKho= sha512-V3qaPJEHY1Bl9F1nEY4thQV2fKkwS+I8Xpss4/91Hyi6JHagB7Ur6bROyVp4wqO74cPbF0ptgyyYh0L0Sky4Lw==",
      "dev": true
    },
    "env-paths": {
      "version": "3.0.0",
      "resolved": "https://registry.yarnpkg.com/env-paths/-/env-paths-3.0.0.tgz",
      "integrity": "sha1-Lx6Jwvbb00COGxcR3YLWLjF/WNo= sha512-dtJUTepzMW3Lm/NPxRf3wP4642UWhjL2sQxc+ym2YMj1m/H2zDNQOlezafzkHwn6sMstjHTwG6iQQsctDW/b1A==",
      "dev": true
    },
    "execa": {
      "version": "9.6.1",
      "resolved": "https://registry.yarnpkg.com/execa/-/execa-9.6.1.tgz",
      "integrity": "sha1-W5Cs7ca9wPqbmm3fj5y7DHWnxHE= sha512-9Be3ZoN4LmYR90tUoVu2te2BsbzHfhJyfEiAVfz7N5/zv+jduIfLrV2xdQXOHbaD6KgpGdO9PRPM1Y4Q9QkPkA==",
      "requires": {
        "@sindresorhus/merge-streams": "^4.0.0",
        "cross-spawn": "^7.0.6",
        "figures": "^6.1.0",
        "get-stream": "^9.0.0",
        "human-signals": "^8.0.1",
        "is-plain-obj": "^4.1.0",
        "is-stream": "^4.0.1",
        "npm-run-path": "^6.0.0",
        "pretty-ms": "^9.2.0",
        "signal-exit": "^4.1.0",
        "strip-final-newline": "^4.0.0",
        "yoctocolors": "^2.1.1"
      },
      "dev": true
    },
    "extensionless": {
      "version": "2.0.6",
      "resolved": "https://registry.yarnpkg.com/extensionless/-/extensionless-2.0.6.tgz",
      "integrity": "sha1-euBlbeuegb7UC8m7fu9UsRNY6WM= sha512-Kri4UehTAnQzYpM2gySya2nsCBEChxstgtKtOqR1nqZpF0HYM+BZXaeua9uUhE4Z0CE4kfZp+0JFhKL3SsuKFA==",
      "dev": true
    },
    "figures": {
      "version": "6.1.0",
      "resolved": "https://registry.yarnpkg.com/figures/-/figures-6.1.0.tgz",
      "integrity": "sha1-k1R59Rhl+nR59vqU/G/HrBTmLEo= sha512-d+l3qxjSesT4V7v2fh+QnmFnUWv9lSpjarhShNTgBOfA0ttejbQUAlHLitbjkoRiDulW0OPoQPYIGhIC8ohejg==",
      "requires": {
        "is-unicode-supported": "^2.0.0"
      },
      "dev": true
    },
    "find-replace": {
      "version": "5.0.2",
      "resolved": "https://registry.yarnpkg.com/find-replace/-/find-replace-5.0.2.tgz",
      "integrity": "sha1-/if/C+BZda72/GecETm7q+pWTiY= sha512-Y45BAiE3mz2QsrN2fb5QEtO4qb44NcS7en/0y9PEVsg351HsLeVclP8QPMH79Le9sH3rs5RSwJu99W0WPZO43Q==",
      "dev": true
    },
    "get-stream": {
      "version": "9.0.1",
      "resolved": "https://registry.yarnpkg.com/get-stream/-/get-stream-9.0.1.tgz",
      "integrity": "sha1-lRV9Id+OuQ0WRxArYwObHfYOvSc= sha512-kVCxPF3vQM/N0B1PmoqVUqgHP+EeVjmZSQn+1oCRPxd2P21P2F19lIgbR3HBosbB1PUhOAoctJnfEn2GbN2eZA==",
      "requires": {
        "@sec-ant/readable-stream": "^0.4.1",
        "is-stream": "^4.0.1"
      },
      "dev": true
    },
    "has-flag": {
      "version": "4.0.0",
      "resolved": "https://registry.yarnpkg.com/has-flag/-/has-flag-4.0.0.tgz",
      "integrity": "sha1-lEdx/ZyByBJlxNaUGGDaBrtZR5s= sha512-EykJT/Q1KjTWctppgIAgfSO0tKVuZUjhgMr17kqTumMl6Afv3EISleU7qZUzoXDFTAHTDC4NOoG/ZxU3EvlMPQ==",
      "dev": true
    },
    "hash-it": {
      "version": "7.0.2",
      "resolved": "https://registry.yarnpkg.com/hash-it/-/hash-it-7.0.2.tgz",
      "integrity": "sha1-+X6KapT02Lk6XwONb7Jg1ilJ13s= sha512-LmxjXNePQBK8mFwDcWO9/lhTugWlE6OZRlC4zEwvoy0Ek8vFY09xNBVMGdKJyRQhUsIFRuUbk5izMzC5d3M7xA==",
      "dev": true
    },
    "human-signals": {
      "version": "8.0.1",
      "resolved": "https://registry.yarnpkg.com/human-signals/-/human-signals-8.0.1.tgz",
      "integrity": "sha1-8Iu1k7bR2zU5M9BhVs7eyQq+Ufs= sha512-eKCa6bwnJhvxj14kZk5NCPc6Hb6BdsU9DZcOnmQKSnO1VKrfV0zCvtttPZUsBvjmNDn8rpcJfpwSYnHBjc95MQ==",
      "dev": true
    },
    "iconv-cp932": {
      "version": "1.2.2",
      "resolved": "https://registry.yarnpkg.com/iconv-cp932/-/iconv-cp932-1.2.2.tgz",
      "integrity": "sha1-SAwE93GkAzf8QYaCPsHC+rVtGac= sha512-vUP4Ke0Xy3bInEjSsKtKq51KeXK7nglt9uvRVYhJrlUBlMKa2R1EBDE88HFXzm8Wp5J1w83psrISj0f+QMEt4g==",
      "dev": true
    },
    "ini": {
      "version": "6.0.0",
      "resolved": "https://registry.yarnpkg.com/ini/-/ini-6.0.0.tgz",
      "integrity": "sha1-78dkKydvajfSL99W71CInXFGvzA= sha512-IBTdIkzZNOpqm7q3dRqJvMaldXjDHWkEDfrwGEQTs5eaQMWV+djAhR+wahyNNMAa+qpbDUhBMVt4ZKNwpPm7xQ==",
      "dev": true
    },
    "is-plain-obj": {
      "version": "4.1.0",
      "resolved": "https://registry.yarnpkg.com/is-plain-obj/-/is-plain-obj-4.1.0.tgz",
      "integrity": "sha1-1lAl7ew2V84DL9fbY8l4g+rtcfA= sha512-+Pgi+vMuUNkJyExiMBt5IlFoMyKnr5zhJ4Uspz58WOhBF5QoIZkFyNHIbBAtHwzVAgk5RtndVNsDRN61/mmDqg==",
      "dev": true
    },
    "is-stream": {
      "version": "4.0.1",
      "resolved": "https://registry.yarnpkg.com/is-stream/-/is-stream-4.0.1.tgz",
      "integrity": "sha1-N1z4keFtLkuuwlC4WSbP/BRyDZs= sha512-Dnz92NInDqYckGEUJv689RbRiTSEHCQ7wOVeALbkOz999YpqT46yMRIGtSNl2iCL1waAZSx40+h59NV/EwzV/A==",
      "dev": true
    },
    "is-unicode-supported": {
      "version": "2.1.0",
      "resolved": "https://registry.yarnpkg.com/is-unicode-supported/-/is-unicode-supported-2.1.0.tgz",
      "integrity": "sha1-CfCrDebTdE1I0mXruY9l0R8qmzo= sha512-mE00Gnza5EEB3Ds0HfMyllZzbBrmLOX3vfWoj9A9PEnTfratQ/BcaJOuMhnkhjXvb2+FkY3VuHqtAGpTPmglFQ==",
      "dev": true
    },
    "isexe": {
      "version": "2.0.0",
      "resolved": "https://registry.yarnpkg.com/isexe/-/isexe-2.0.0.tgz",
      "integrity": "sha1-6PvzdNxVb/iUehDcsFctYz8s+hA= sha512-RHxMLp9lnKHGHRng9QFhRCMbYAcVpn69smSGcq3f36xjgVVWThj4qqLbTLlq7Ssj8B+fIQ1EuCEGI2lKsyQeIw==",
      "dev": true
    },
    "lodash": {
      "version": "4.18.1",
      "resolved": "https://registry.yarnpkg.com/lodash/-/lodash-4.18.1.tgz",
      "integrity": "sha1-/ytmwfYybVlRPeJAe/iBQ5gSdxw= sha512-dMInicTPVE8d1e5otfwmmjlxkZoUpiVLwyeTdUsi/Caj/gfzzblBcCE5sRHV/AsjuCmxWrte2TNGSYuCeCq+0Q==",
      "dev": true
    },
    "lodash.camelcase": {
      "version": "4.3.0",
      "resolved": "https://registry.yarnpkg.com/lodash.camelcase/-/lodash.camelcase-4.3.0.tgz",
      "integrity": "sha1-soqmKIorn8ZRA1x3EfZathkDMaY= sha512-TwuEnCnxbc3rAvhf/LbG7tJUDzhqXyFnv3dtzLOPgCG/hODL7WFnsbwktkD7yUV0RrreP/l1PALq/YSg6VvjlA==",
      "dev": true
    },
    "mkdirp": {
      "version": "3.0.1",
      "resolved": "https://registry.yarnpkg.com/mkdirp/-/mkdirp-3.0.1.tgz",
      "integrity": "sha1-5E5MVgf7J5wWgkFxPMbg/qmty1A= sha512-+NsyUUAZDmo6YVHzL/stxSu3t9YS1iljliy3BSDrXJ/dkn1KYdmtZODGGjLcc9XLgVVpH4KshHB8XmZgMhaBXg==",
      "dev": true
    },
    "npm-run-path": {
      "version": "6.0.0",
      "resolved": "https://registry.yarnpkg.com/npm-run-path/-/npm-run-path-6.0.0.tgz",
      "integrity": "sha1-Jc/cTq4El28zScCxr8CJBSw2JTc= sha512-9qny7Z9DsQU8Ou39ERsPU4OZQlSTP47ShQzuKZ6PRXpYLtIFgl/DEBYEXKlvcEa+9tHVcK8CF81Y2V72qaZhWA==",
      "requires": {
        "path-key": "^4.0.0",
        "unicorn-magic": "^0.3.0"
      },
      "dependencies": {
        "path-key": {
          "version": "4.0.0",
          "resolved": "https://registry.yarnpkg.com/path-key/-/path-key-4.0.0.tgz",
          "integrity": "sha1-KVWI3DruZBVPh3rbnXgLgcVUvxg= sha512-haREypq7xkM7ErfgIyA0z+Bj4AGKlMSdlQE2jvJo6huWD1EdkKYV+G/T4nq0YEF2vgTT8kqMFKo1uHn950r4SQ==",
          "dev": true
        }
      },
      "dev": true
    },
    "parse-ms": {
      "version": "4.0.0",
      "resolved": "https://registry.yarnpkg.com/parse-ms/-/parse-ms-4.0.0.tgz",
      "integrity": "sha1-wMBY7dR8KlkBUacYmQUz/WKAPfQ= sha512-TXfryirbmq34y8QBwgqCVLi+8oA3oWx2eAnSn62ITyEhEYaWRlVZ2DvMM9eZbMs/RfxPu/PK/aBLyGj4IrqMHw==",
      "dev": true
    },
    "path-key": {
      "version": "3.1.1",
      "resolved": "https://registry.yarnpkg.com/path-key/-/path-key-3.1.1.tgz",
      "integrity": "sha1-WB9q3mWMu6ZaDTOA3ndTKVBU83U= sha512-ojmeN0qd+y0jszEtoY48r0Peq5dwMEkIlCOu6Q5f41lfkswXuKtYrhgoTpLnyIcHm24Uhqx+5Tqm2InSwLhE6Q==",
      "dev": true
    },
    "png-js": {
      "version": "1.0.0",
      "resolved": "https://registry.yarnpkg.com/png-js/-/png-js-1.0.0.tgz",
      "integrity": "sha1-5UhPHoFWmW44Os7rs3if113xh00= sha512-k+YsbhpA9e+EFfKjTCH3VW6aoKlyNYI6NYdTfDL4CIvFnvsuO84ttonmZE7rc+v23SLTH8XX+5w/Ak9v0xGY4g==",
      "dev": true
    },
    "precond": {
      "version": "0.2.3",
      "resolved": "https://registry.yarnpkg.com/precond/-/precond-0.2.3.tgz",
      "integrity": "sha1-qpWRvKokkj8eD0hJ0kD0fvwQdaw= sha512-QCYG84SgGyGzqJ/vlMsxeXd/pgL/I94ixdNFyh1PusWmTCyVfPJjZ1K1jvHtsbfnXQs2TSkEP2fR7QiMZAnKFQ==",
      "dev": true
    },
    "pretty-ms": {
      "version": "9.3.0",
      "resolved": "https://registry.yarnpkg.com/pretty-ms/-/pretty-ms-9.3.0.tgz",
      "integrity": "sha1-3SUk/LPDJrSTGyJy39HhqO2an1o= sha512-gjVS5hOP+M3wMm5nmNOucbIrqudzs9v/57bWRHQWLYklXqoXKrVfYW2W9+glfGsqtPgpiz5WwyEEB+ksXIx3gQ==",
      "requires": {
        "parse-ms": "^4.0.0"
      },
      "dev": true
    },
    "reconnect-core": {
      "version": "1.3.0",
      "resolved": "https://registry.yarnpkg.com/reconnect-core/-/reconnect-core-1.3.0.tgz",
      "integrity": "sha1-+65SkZp4d9hE4yRtAaLyZwHIM8g= sha512-+gLKwmyRf2tjl6bLR03DoeWELzyN6LW9Xgr3vh7NXHHwPi0JC0N2TwPyf90oUEBkCRcD+bgQ+s3HORoG3nwHDg==",
      "requires": {
        "backoff": "~2.5.0"
      },
      "dev": true
    },
    "semver": {
      "version": "7.7.4",
      "resolved": "https://registry.yarnpkg.com/semver/-/semver-7.7.4.tgz",
      "integrity": "sha1-KEZONgYOmR+noR0CedLT87V6foo= sha512-vFKC2IEtQnVhpT78h1Yp8wzwrf8CM+MzKMHGJZfBtzhZNycRFnXsHk6E5TxIkkMsgNS7mdX3AGB7x2QM2di4lA==",
      "dev": true
    },
    "shebang-command": {
      "version": "2.0.0",
      "resolved": "https://registry.yarnpkg.com/shebang-command/-/shebang-command-2.0.0.tgz",
      "integrity": "sha1-zNCvT4g1+9wmW4JGGq8MNmY/NOo= sha512-kHxr2zZpYtdmrN1qDjrrX/Z1rR1kG8Dx+gkpK1G4eXmvXswmcE1hTWBWYUzlraYw1/yZp6YuDY77YtvbN0dmDA==",
      "requires": {
        "shebang-regex": "^3.0.0"
      },
      "dev": true
    },
    "shebang-regex": {
      "version": "3.0.0",
      "resolved": "https://registry.yarnpkg.com/shebang-regex/-/shebang-regex-3.0.0.tgz",
      "integrity": "sha1-rhbxZE2HPsrYQ7AwexQzYtTEIXI= sha512-7++dFhtcx3353uBaq8DDR4NuxBetBzC7ZQOhmTQInHEd6bSrXdiEyzCvG07Z44UYdLShWUyXt5M/yhz8ekcb1A==",
      "dev": true
    },
    "signal-exit": {
      "version": "4.1.0",
      "resolved": "https://registry.yarnpkg.com/signal-exit/-/signal-exit-4.1.0.tgz",
      "integrity": "sha1-lSGIwcvVRgcOLdIND0HArgUwywQ= sha512-bzyZ1e88w9O1iNJbKnOlvYTrWPDl46O1bG0D3XInv+9tkPrxrN8jUUTiFlDkkmKWgn1M6CfIA13SuGqOa9Korw==",
      "dev": true
    },
    "strip-final-newline": {
      "version": "4.0.0",
      "resolved": "https://registry.yarnpkg.com/strip-final-newline/-/strip-final-newline-4.0.0.tgz",
      "integrity": "sha1-NaNp7CrEPfNW4+3V3Ou2Qpqh+lw= sha512-aulFJcD6YK8V1G7iRB5tigAP4TsHBZZrOV8pjV++zdUwmeV8uzbY7yn6h9MswN62adStNZFuCIx4haBnRuMDaw==",
      "dev": true
    },
    "supports-color": {
      "version": "7.2.0",
      "resolved": "https://registry.yarnpkg.com/supports-color/-/supports-color-7.2.0.tgz",
      "integrity": "sha1-G33NyzK4E4gBs+R4umpRyqiWSNo= sha512-qpCAvRl9stuOHveKsn7HncJRvv501qIacKzQlO/+Lwxc9+0q2wLyv4Dfvt80/DPn2pqOBsJdDiogXGR9+OvwRw==",
      "requires": {
        "has-flag": "^4.0.0"
      },
      "dev": true
    },
    "table-layout": {
      "version": "4.1.1",
      "resolved": "https://registry.yarnpkg.com/table-layout/-/table-layout-4.1.1.tgz",
      "integrity": "sha1-D3KWXeGlwMFBnJuiHK5Oc6L3OkI= sha512-iK5/YhZxq5GO5z8wb0bY1317uDF3Zjpha0QFFLA8/trAoiLbQD0HUbMesEaxyzUgDxi2QlcbM8IvqOlEjgoXBA==",
      "requires": {
        "array-back": "^6.2.2",
        "wordwrapjs": "^5.1.0"
      },
      "dev": true
    },
    "tail-file-stream": {
      "version": "0.2.0",
      "resolved": "https://registry.yarnpkg.com/tail-file-stream/-/tail-file-stream-0.2.0.tgz",
      "integrity": "sha1-uB88JyPB/ElbLlP0mCn/ughw0KE= sha512-exGCDBk1fg+4qzRKXfxoWHVP9mvaFAt7g/RTyvcSDzeYDuVhVX7Z+HNSh3aLYjUDDadVZILIJ1cAfGVIqAp1Iw==",
      "dev": true
    },
    "tslib": {
      "version": "2.8.1",
      "resolved": "https://registry.yarnpkg.com/tslib/-/tslib-2.8.1.tgz",
      "integrity": "sha1-YS7+TtI11Wfoq6Xypfq3AoCt6D8= sha512-oJFu94HQb+KVduSUQL7wnpmqnfmLsOA/nAh6b6EH0wCEoK0/mPeXU6c3wKDV83MkOuHPRHtSXKKU99IBazS/2w==",
      "dev": true
    },
    "typical": {
      "version": "7.3.0",
      "resolved": "https://registry.yarnpkg.com/typical/-/typical-7.3.0.tgz",
      "integrity": "sha1-kwN2vjRCKHCfE0YTkR+iKqCWF6Q= sha512-ya4mg/30vm+DOWfBg4YK3j2WD6TWtRkCbasOJr40CseYENzCUby/7rIvXA99JGsQHeNxLbnXdyLLxKSv3tauFw==",
      "dev": true
    },
    "unicorn-magic": {
      "version": "0.3.0",
      "resolved": "https://registry.yarnpkg.com/unicorn-magic/-/unicorn-magic-0.3.0.tgz",
      "integrity": "sha1-Tv1FyFpp4N1XbSVTL7+iKqXIoQQ= sha512-+QBBXBCvifc56fsbuxZQ6Sic3wqqc3WWaqxs58gvJrcOuN83HGTCwz3oS5phzU9LthRNE9VrJCFCLUgHeeFnfA==",
      "dev": true
    },
    "which": {
      "version": "2.0.2",
      "resolved": "https://registry.yarnpkg.com/which/-/which-2.0.2.tgz",
      "integrity": "sha1-fGqN0KY2oDJ+ELWckobu6T8/UbE= sha512-BLI3Tl1TW3Pvl70l3yq3Y64i+awpwXqsGBYWkkqMtnbXgrMD+yj7rhW0kuEDxzJaYXGjEW5ogapKNMEKNMjibA==",
      "requires": {
        "isexe": "^2.0.0"
      },
      "dev": true
    },
    "wordwrapjs": {
      "version": "5.1.1",
      "resolved": "https://registry.yarnpkg.com/wordwrapjs/-/wordwrapjs-5.1.1.tgz",
      "integrity": "sha1-v9HrQm8Pfuxzt98yz33x9hi/s6k= sha512-0yweIbkINJodk27gX9LBGMzyQdBDan3s/dEAiwBOj+Mf0PPyWL6/rikalkv8EeD0E8jm4o5RXEOrFTP3NXbhJg==",
      "dev": true
    },
    "ws": {
      "version": "8.20.0",
      "resolved": "https://registry.yarnpkg.com/ws/-/ws-8.20.0.tgz",
      "integrity": "sha1-TNlTI1jrpgvIY6rRYj37BFpNSvg= sha512-sAt8BhgNbzCtgGbt2OxmpuryO63ZoDk/sqaB/znQm94T4fCEsy/yV+7CdC1kJhOU9lboAEU7R3kquuycDoibVA==",
      "dev": true
    },
    "yoctocolors": {
      "version": "2.1.2",
      "resolved": "https://registry.yarnpkg.com/yoctocolors/-/yoctocolors-2.1.2.tgz",
      "integrity": "sha1-15X1TRc0lOfY25MVDOwO1/Z4yDo= sha512-CzhO+pFNo8ajLM2d2IW/R93ipy99LWjtwblvC1RsoSUMZgyLbYFr221TnSNT7GjGdYui6P459mw9JH/g/zW2ug==",
      "dev": true
    }
  }
}